
Microsoft Visual Studio Solution File, Format Version 12.00
# Visual Studio Version 17
VisualStudioVersion = 17.1.32328.378
MinimumVisualStudioVersion = 10.0.40219.1
Project("{9A19103F-16F7-4668-BE54-9A1E7A4F7556}") = "RS2_Tourism_Agency", "RS2_Tourism_Agency.csproj", "{34B43C0B-6C27-4CB8-B464-95948DB01947}"
EndProject
Project("{9A19103F-16F7-4668-BE54-9A1E7A4F7556}") = "TourismAgency.Services", "..\TourismAgency.Services\TourismAgency.Services.csproj", "{9B0E15C8-4FA6-4F9B-AD5B-483C7001BEDD}"
EndProject
Project("{9A19103F-16F7-4668-BE54-9A1E7A4F7556}") = "RS2_Tourism_Agency.Model", "..\RS2_Tourism_Agency.Model\RS2_Tourism_Agency.Model.csproj", "{B4C6B289-5190-4224-B032-95058975336B}"
EndProject
Project("{9A19103F-16F7-4668-BE54-9A1E7A4F7556}") = "RS2_TourismAgency.WinUI", "..\RS2_TourismAgency.WinUI\RS2_TourismAgency.WinUI.csproj", "{CB07E970-D3E5-485F-B8A1-61FE74F67544}"
	ProjectSection(ProjectDependencies) = postProject
		{B4C6B289-5190-4224-B032-95058975336B} = {B4C6B289-5190-4224-B032-95058975336B}
	EndProjectSection
EndProject
Project("{2150E333-8FDC-42A3-9474-1A3956D46DE8}") = "Solution Items", "Solution Items", "{525F6DE8-3427-490A-82D8-1CF76B5D3013}"
	ProjectSection(SolutionItems) = preProject
		..\docker-compose.yml = ..\docker-compose.yml
		..\Dockerfile = ..\Dockerfile
	EndProjectSection
EndProject
Global
	GlobalSection(SolutionConfigurationPlatforms) = preSolution
		Debug|Any CPU = Debug|Any CPU
		Release|Any CPU = Release|Any CPU
	EndGlobalSection
	GlobalSection(ProjectConfigurationPlatforms) = postSolution
		{34B43C0B-6C27-4CB8-B464-95948DB01947}.Debug|Any CPU.ActiveCfg = Debug|Any CPU
		{34B43C0B-6C27-4CB8-B464-95948DB01947}.Debug|Any CPU.Build.0 = Debug|Any CPU
		{34B43C0B-6C27-4CB8-B464-95948DB01947}.Release|Any CPU.ActiveCfg = Release|Any CPU
		{34B43C0B-6C27-4CB8-B464-95948DB01947}.Release|Any CPU.Build.0 = Release|Any CPU
		{9B0E15C8-4FA6-4F9B-AD5B-483C7001BEDD}.Debug|Any CPU.ActiveCfg = Debug|Any CPU
		{9B0E15C8-4FA6-4F9B-AD5B-483C7001BEDD}.Debug|Any CPU.Build.0 = Debug|Any CPU
		{9B0E15C8-4FA6-4F9B-AD5B-483C7001BEDD}.Release|Any CPU.ActiveCfg = Release|Any CPU
		{9B0E15C8-4FA6-4F9B-AD5B-483C7001BEDD}.Release|Any CPU.Build.0 = Release|Any CPU
		{B4C6B289-5190-4224-B032-95058975336B}.Debug|Any CPU.ActiveCfg = Debug|Any CPU
		{B4C6B289-5190-4224-B032-95058975336B}.Debug|Any CPU.Build.0 = Debug|Any CPU
		{B4C6B289-5190-4224-B032-95058975336B}.Release|Any CPU.ActiveCfg = Release|Any CPU
		{B4C6B289-5190-4224-B032-95058975336B}.Release|Any CPU.Build.0 = Release|Any CPU
		{CB07E970-D3E5-485F-B8A1-61FE74F67544}.Debug|Any CPU.ActiveCfg = Debug|Any CPU
		{CB07E970-D3E5-485F-B8A1-61FE74F67544}.Debug|Any CPU.Build.0 = Debug|Any CPU
		{CB07E970-D3E5-485F-B8A1-61FE74F67544}.Release|Any CPU.ActiveCfg = Release|Any CPU
		{CB07E970-D3E5-485F-B8A1-61FE74F67544}.Release|Any CPU.Build.0 = Release|Any CPU
	EndGlobalSection
	GlobalSection(SolutionProperties) = preSolution
		HideSolutionNode = FALSE
	EndGlobalSection
	GlobalSection(ExtensibilityGlobals) = postSolution
		SolutionGuid = {7B6DA60C-8EF1-43A6-99AB-FF1C37D9C4E7}
	EndGlobalSection
EndGlobal
